{
    "_readme": [
        "This file locks the dependencies of your project to a known state",
        "Read more about it at http://getcomposer.org/doc/01-basic-usage.md#composer-lock-the-lock-file"
    ],
    "hash": "831bbdeb1733b69a3ed6816b7d90177a",
    "packages": [
        {
            "name": "seagullframework/lib-sgl",
            "version": "dev-master",
            "source": {
                "type": "git",
                "url": "https://github.com/demianturner/seagullframework-lib-sgl.git",
                "reference": "74c4718dd2b681da21dadcc06ea297f4c6ec8142"
            },
            "dist": {
                "type": "zip",
                "url": "https://api.github.com/repos/demianturner/seagullframework-lib-sgl/zipball/74c4718dd2b681da21dadcc06ea297f4c6ec8142",
                "reference": "74c4718dd2b681da21dadcc06ea297f4c6ec8142",
                "shasum": ""
            },
            "require": {
                "php": ">=5.2.1"
            },
            "type": "library",
            "extra": {
                "branch-alias": {
                    "dev-master": "0.1.x-dev"
                }
            },
            "autoload": {
                "psr-0": {
                    "": "src/"
                }
            },
            "license": [
                "MIT"
            ],
            "authors": [
                {
                    "name": "Demian Turner",
                    "email": "demian@phpkitchen.com"
                },
                {
                    "name": "Seagull Community",
                    "homepage": "http://trac.seagullproject.org/wiki/Community"
                }
            ],
            "description": "Seagull Framework libs",
            "homepage": "http://seagullproject.org/",
            "keywords": [
                "framework",
                "php"
            ],
            "support": {
                "source": "https://github.com/demianturner/seagullframework-lib-sgl/tree/master",
                "issues": "https://github.com/demianturner/seagullframework-lib-sgl/issues"
            },
            "time": "2013-11-01 21:29:40"
        }
    ],
    "packages-dev": null,
    "aliases": [

    ],
    "minimum-stability": "stable",
    "stability-flags": {
        "seagullframework/lib-sgl": 20
    },
    "platform": {
        "php": ">=5.2.1"
    },
    "platform-dev": [

    ]
}
